
Microsoft Visual Studio Solution File, Format Version 12.00
# Visual Studio Version 18
VisualStudioVersion = 18.0.11123.170 d18.0
MinimumVisualStudioVersion = 10.0.40219.1
Project("{FAE04EC0-301F-11D3-BF4B-00C04F79EFBC}") = "WakeProdutos.Application", "WakeProdutos.Application\WakeProdutos.Application.csproj", "{8A6CC3A2-8C08-46C0-8366-1040D2474AA8}"
EndProject
Project("{FAE04EC0-301F-11D3-BF4B-00C04F79EFBC}") = "WakeProdutos.Domain", "WakeProdutos.Domain\WakeProdutos.Domain.csproj", "{BE958AC7-595A-4128-98F4-BF5897F80C63}"
EndProject
Project("{FAE04EC0-301F-11D3-BF4B-00C04F79EFBC}") = "WakeProdutos.Shared", "WakeProdutos.Shared\WakeProdutos.Shared.csproj", "{30AC17EA-B57B-465B-A61E-853E377EFC5D}"
EndProject
Project("{FAE04EC0-301F-11D3-BF4B-00C04F79EFBC}") = "WakeProdutos.Infrastructure", "WakeProdutos.Infrastructure\WakeProdutos.Infrastructure.csproj", "{5141C791-035B-45F1-AB8A-AA9E9DA37165}"
EndProject
Project("{2150E333-8FDC-42A3-9474-1A3956D46DE8}") = "tests", "tests", "{0AB3BF05-4346-4AA6-1389-037BE0695223}"
EndProject
Project("{FAE04EC0-301F-11D3-BF4B-00C04F79EFBC}") = "WakeProdutos.Tests.Unit", "tests\WakeProdutos.Tests.Unit\WakeProdutos.Tests.Unit.csproj", "{C8F1144F-51D6-4879-9168-64DE58C8A900}"
EndProject
Project("{FAE04EC0-301F-11D3-BF4B-00C04F79EFBC}") = "WakeProdutos.API", "WakeProdutos\WakeProdutos.API.csproj", "{89D71120-23B4-432B-90FE-87DB2AFD9ED2}"
EndProject
Project("{FAE04EC0-301F-11D3-BF4B-00C04F79EFBC}") = "WakeProdutos.Tests.Integration", "tests\WakeProdutos.Tests.Integration\WakeProdutos.Tests.Integration.csproj", "{AB13FFFD-73D2-4D69-B07C-3A4555F8CA45}"
EndProject
Project("{2150E333-8FDC-42A3-9474-1A3956D46DE8}") = "src", "src", "{EA816613-12E3-46E9-8CD3-152D1D6DDC6C}"
EndProject
Global
	GlobalSection(SolutionConfigurationPlatforms) = preSolution
		Debug|Any CPU = Debug|Any CPU
		Debug|x64 = Debug|x64
		Debug|x86 = Debug|x86
		Release|Any CPU = Release|Any CPU
		Release|x64 = Release|x64
		Release|x86 = Release|x86
	EndGlobalSection
	GlobalSection(ProjectConfigurationPlatforms) = postSolution
		{8A6CC3A2-8C08-46C0-8366-1040D2474AA8}.Debug|Any CPU.ActiveCfg = Debug|Any CPU
		{8A6CC3A2-8C08-46C0-8366-1040D2474AA8}.Debug|Any CPU.Build.0 = Debug|Any CPU
		{8A6CC3A2-8C08-46C0-8366-1040D2474AA8}.Debug|x64.ActiveCfg = Debug|Any CPU
		{8A6CC3A2-8C08-46C0-8366-1040D2474AA8}.Debug|x64.Build.0 = Debug|Any CPU
		{8A6CC3A2-8C08-46C0-8366-1040D2474AA8}.Debug|x86.ActiveCfg = Debug|Any CPU
		{8A6CC3A2-8C08-46C0-8366-1040D2474AA8}.Debug|x86.Build.0 = Debug|Any CPU
		{8A6CC3A2-8C08-46C0-8366-1040D2474AA8}.Release|Any CPU.ActiveCfg = Release|Any CPU
		{8A6CC3A2-8C08-46C0-8366-1040D2474AA8}.Release|Any CPU.Build.0 = Release|Any CPU
		{8A6CC3A2-8C08-46C0-8366-1040D2474AA8}.Release|x64.ActiveCfg = Release|Any CPU
		{8A6CC3A2-8C08-46C0-8366-1040D2474AA8}.Release|x64.Build.0 = Release|Any CPU
		{8A6CC3A2-8C08-46C0-8366-1040D2474AA8}.Release|x86.ActiveCfg = Release|Any CPU
		{8A6CC3A2-8C08-46C0-8366-1040D2474AA8}.Release|x86.Build.0 = Release|Any CPU
		{BE958AC7-595A-4128-98F4-BF5897F80C63}.Debug|Any CPU.ActiveCfg = Debug|Any CPU
		{BE958AC7-595A-4128-98F4-BF5897F80C63}.Debug|Any CPU.Build.0 = Debug|Any CPU
		{BE958AC7-595A-4128-98F4-BF5897F80C63}.Debug|x64.ActiveCfg = Debug|Any CPU
		{BE958AC7-595A-4128-98F4-BF5897F80C63}.Debug|x64.Build.0 = Debug|Any CPU
		{BE958AC7-595A-4128-98F4-BF5897F80C63}.Debug|x86.ActiveCfg = Debug|Any CPU
		{BE958AC7-595A-4128-98F4-BF5897F80C63}.Debug|x86.Build.0 = Debug|Any CPU
		{BE958AC7-595A-4128-98F4-BF5897F80C63}.Release|Any CPU.ActiveCfg = Release|Any CPU
		{BE958AC7-595A-4128-98F4-BF5897F80C63}.Release|Any CPU.Build.0 = Release|Any CPU
		{BE958AC7-595A-4128-98F4-BF5897F80C63}.Release|x64.ActiveCfg = Release|Any CPU
		{BE958AC7-595A-4128-98F4-BF5897F80C63}.Release|x64.Build.0 = Release|Any CPU
		{BE958AC7-595A-4128-98F4-BF5897F80C63}.Release|x86.ActiveCfg = Release|Any CPU
		{BE958AC7-595A-4128-98F4-BF5897F80C63}.Release|x86.Build.0 = Release|Any CPU
		{30AC17EA-B57B-465B-A61E-853E377EFC5D}.Debug|Any CPU.ActiveCfg = Debug|Any CPU
		{30AC17EA-B57B-465B-A61E-853E377EFC5D}.Debug|Any CPU.Build.0 = Debug|Any CPU
		{30AC17EA-B57B-465B-A61E-853E377EFC5D}.Debug|x64.ActiveCfg = Debug|Any CPU
		{30AC17EA-B57B-465B-A61E-853E377EFC5D}.Debug|x64.Build.0 = Debug|Any CPU
		{30AC17EA-B57B-465B-A61E-853E377EFC5D}.Debug|x86.ActiveCfg = Debug|Any CPU
		{30AC17EA-B57B-465B-A61E-853E377EFC5D}.Debug|x86.Build.0 = Debug|Any CPU
		{30AC17EA-B57B-465B-A61E-853E377EFC5D}.Release|Any CPU.ActiveCfg = Release|Any CPU
		{30AC17EA-B57B-465B-A61E-853E377EFC5D}.Release|Any CPU.Build.0 = Release|Any CPU
		{30AC17EA-B57B-465B-A61E-853E377EFC5D}.Release|x64.ActiveCfg = Release|Any CPU
		{30AC17EA-B57B-465B-A61E-853E377EFC5D}.Release|x64.Build.0 = Release|Any CPU
		{30AC17EA-B57B-465B-A61E-853E377EFC5D}.Release|x86.ActiveCfg = Release|Any CPU
		{30AC17EA-B57B-465B-A61E-853E377EFC5D}.Release|x86.Build.0 = Release|Any CPU
		{5141C791-035B-45F1-AB8A-AA9E9DA37165}.Debug|Any CPU.ActiveCfg = Debug|Any CPU
		{5141C791-035B-45F1-AB8A-AA9E9DA37165}.Debug|Any CPU.Build.0 = Debug|Any CPU
		{5141C791-035B-45F1-AB8A-AA9E9DA37165}.Debug|x64.ActiveCfg = Debug|Any CPU
		{5141C791-035B-45F1-AB8A-AA9E9DA37165}.Debug|x64.Build.0 = Debug|Any CPU
		{5141C791-035B-45F1-AB8A-AA9E9DA37165}.Debug|x86.ActiveCfg = Debug|Any CPU
		{5141C791-035B-45F1-AB8A-AA9E9DA37165}.Debug|x86.Build.0 = Debug|Any CPU
		{5141C791-035B-45F1-AB8A-AA9E9DA37165}.Release|Any CPU.ActiveCfg = Release|Any CPU
		{5141C791-035B-45F1-AB8A-AA9E9DA37165}.Release|Any CPU.Build.0 = Release|Any CPU
		{5141C791-035B-45F1-AB8A-AA9E9DA37165}.Release|x64.ActiveCfg = Release|Any CPU
		{5141C791-035B-45F1-AB8A-AA9E9DA37165}.Release|x64.Build.0 = Release|Any CPU
		{5141C791-035B-45F1-AB8A-AA9E9DA37165}.Release|x86.ActiveCfg = Release|Any CPU
		{5141C791-035B-45F1-AB8A-AA9E9DA37165}.Release|x86.Build.0 = Release|Any CPU
		{C8F1144F-51D6-4879-9168-64DE58C8A900}.Debug|Any CPU.ActiveCfg = Debug|Any CPU
		{C8F1144F-51D6-4879-9168-64DE58C8A900}.Debug|Any CPU.Build.0 = Debug|Any CPU
		{C8F1144F-51D6-4879-9168-64DE58C8A900}.Debug|x64.ActiveCfg = Debug|Any CPU
		{C8F1144F-51D6-4879-9168-64DE58C8A900}.Debug|x64.Build.0 = Debug|Any CPU
		{C8F1144F-51D6-4879-9168-64DE58C8A900}.Debug|x86.ActiveCfg = Debug|Any CPU
		{C8F1144F-51D6-4879-9168-64DE58C8A900}.Debug|x86.Build.0 = Debug|Any CPU
		{C8F1144F-51D6-4879-9168-64DE58C8A900}.Release|Any CPU.ActiveCfg = Release|Any CPU
		{C8F1144F-51D6-4879-9168-64DE58C8A900}.Release|Any CPU.Build.0 = Release|Any CPU
		{C8F1144F-51D6-4879-9168-64DE58C8A900}.Release|x64.ActiveCfg = Release|Any CPU
		{C8F1144F-51D6-4879-9168-64DE58C8A900}.Release|x64.Build.0 = Release|Any CPU
		{C8F1144F-51D6-4879-9168-64DE58C8A900}.Release|x86.ActiveCfg = Release|Any CPU
		{C8F1144F-51D6-4879-9168-64DE58C8A900}.Release|x86.Build.0 = Release|Any CPU
		{89D71120-23B4-432B-90FE-87DB2AFD9ED2}.Debug|Any CPU.ActiveCfg = Debug|Any CPU
		{89D71120-23B4-432B-90FE-87DB2AFD9ED2}.Debug|Any CPU.Build.0 = Debug|Any CPU
		{89D71120-23B4-432B-90FE-87DB2AFD9ED2}.Debug|x64.ActiveCfg = Debug|Any CPU
		{89D71120-23B4-432B-90FE-87DB2AFD9ED2}.Debug|x64.Build.0 = Debug|Any CPU
		{89D71120-23B4-432B-90FE-87DB2AFD9ED2}.Debug|x86.ActiveCfg = Debug|Any CPU
		{89D71120-23B4-432B-90FE-87DB2AFD9ED2}.Debug|x86.Build.0 = Debug|Any CPU
		{89D71120-23B4-432B-90FE-87DB2AFD9ED2}.Release|Any CPU.ActiveCfg = Release|Any CPU
		{89D71120-23B4-432B-90FE-87DB2AFD9ED2}.Release|Any CPU.Build.0 = Release|Any CPU
		{89D71120-23B4-432B-90FE-87DB2AFD9ED2}.Release|x64.ActiveCfg = Release|Any CPU
		{89D71120-23B4-432B-90FE-87DB2AFD9ED2}.Release|x64.Build.0 = Release|Any CPU
		{89D71120-23B4-432B-90FE-87DB2AFD9ED2}.Release|x86.ActiveCfg = Release|Any CPU
		{89D71120-23B4-432B-90FE-87DB2AFD9ED2}.Release|x86.Build.0 = Release|Any CPU
		{AB13FFFD-73D2-4D69-B07C-3A4555F8CA45}.Debug|Any CPU.ActiveCfg = Debug|Any CPU
		{AB13FFFD-73D2-4D69-B07C-3A4555F8CA45}.Debug|Any CPU.Build.0 = Debug|Any CPU
		{AB13FFFD-73D2-4D69-B07C-3A4555F8CA45}.Debug|x64.ActiveCfg = Debug|Any CPU
		{AB13FFFD-73D2-4D69-B07C-3A4555F8CA45}.Debug|x64.Build.0 = Debug|Any CPU
		{AB13FFFD-73D2-4D69-B07C-3A4555F8CA45}.Debug|x86.ActiveCfg = Debug|Any CPU
		{AB13FFFD-73D2-4D69-B07C-3A4555F8CA45}.Debug|x86.Build.0 = Debug|Any CPU
		{AB13FFFD-73D2-4D69-B07C-3A4555F8CA45}.Release|Any CPU.ActiveCfg = Release|Any CPU
		{AB13FFFD-73D2-4D69-B07C-3A4555F8CA45}.Release|Any CPU.Build.0 = Release|Any CPU
		{AB13FFFD-73D2-4D69-B07C-3A4555F8CA45}.Release|x64.ActiveCfg = Release|Any CPU
		{AB13FFFD-73D2-4D69-B07C-3A4555F8CA45}.Release|x64.Build.0 = Release|Any CPU
		{AB13FFFD-73D2-4D69-B07C-3A4555F8CA45}.Release|x86.ActiveCfg = Release|Any CPU
		{AB13FFFD-73D2-4D69-B07C-3A4555F8CA45}.Release|x86.Build.0 = Release|Any CPU
	EndGlobalSection
	GlobalSection(SolutionProperties) = preSolution
		HideSolutionNode = FALSE
	EndGlobalSection
	GlobalSection(NestedProjects) = preSolution
		{8A6CC3A2-8C08-46C0-8366-1040D2474AA8} = {EA816613-12E3-46E9-8CD3-152D1D6DDC6C}
		{BE958AC7-595A-4128-98F4-BF5897F80C63} = {EA816613-12E3-46E9-8CD3-152D1D6DDC6C}
		{30AC17EA-B57B-465B-A61E-853E377EFC5D} = {EA816613-12E3-46E9-8CD3-152D1D6DDC6C}
		{5141C791-035B-45F1-AB8A-AA9E9DA37165} = {EA816613-12E3-46E9-8CD3-152D1D6DDC6C}
		{C8F1144F-51D6-4879-9168-64DE58C8A900} = {0AB3BF05-4346-4AA6-1389-037BE0695223}
		{89D71120-23B4-432B-90FE-87DB2AFD9ED2} = {EA816613-12E3-46E9-8CD3-152D1D6DDC6C}
		{AB13FFFD-73D2-4D69-B07C-3A4555F8CA45} = {0AB3BF05-4346-4AA6-1389-037BE0695223}
	EndGlobalSection
EndGlobal
