<Solution>
  <Folder Name="/src/">
    <Project Path="WakeProdutos.Application/WakeProdutos.Application.csproj" />
    <Project Path="WakeProdutos.Domain/WakeProdutos.Domain.csproj" />
    <Project Path="WakeProdutos.Infrastructure/WakeProdutos.Infrastructure.csproj" />
    <Project Path="WakeProdutos.Shared/WakeProdutos.Shared.csproj" />
    <Project Path="WakeProdutos/WakeProdutos.API.csproj" />
  </Folder>
  <Folder Name="/tests/" />
</Solution>
